
Microsoft Visual Studio Solution File, Format Version 12.00
# Visual Studio Version 17
VisualStudioVersion = 17.9.34728.123
MinimumVisualStudioVersion = 10.0.40219.1
Project("{2150E333-8FDC-42A3-9474-1A3956D46DE8}") = "Services", "Services", "{9EC816B3-80CE-4AC7-86C6-CE8CE0840034}"
EndProject
Project("{2150E333-8FDC-42A3-9474-1A3956D46DE8}") = "Catalog", "Catalog", "{71567517-B372-4683-A9B4-034DF3FDC171}"
EndProject
Global
	GlobalSection(SolutionProperties) = preSolution
		HideSolutionNode = FALSE
	EndGlobalSection
	GlobalSection(NestedProjects) = preSolution
		{71567517-B372-4683-A9B4-034DF3FDC171} = {9EC816B3-80CE-4AC7-86C6-CE8CE0840034}
	EndGlobalSection
	GlobalSection(ExtensibilityGlobals) = postSolution
		SolutionGuid = {A75286B0-FF2F-4173-B9E2-A99C4BD11A7E}
	EndGlobalSection
EndGlobal
